// !$*UTF8*$!
{
	archiveVersion = 1;
	classes = {
	};
	objectVersion = 51;
	objects = {

/* Begin PBXBuildFile section */
		45A4C85825655057007DABB8 /* API.swift in Sources */ = {isa = PBXBuildFile; fileRef = 45A4C85725655057007DABB8 /* API.swift */; };
		45A4C85D25655095007DABB8 /* UserAPI.swift in Sources */ = {isa = PBXBuildFile; fileRef = 45A4C85C25655095007DABB8 /* UserAPI.swift */; };
		45A4C88425655760007DABB8 /* StorageService.swift in Sources */ = {isa = PBXBuildFile; fileRef = 45A4C88325655760007DABB8 /* StorageService.swift */; };
		45A4C9042565743F007DABB8 /* Ref.swift in Sources */ = {isa = PBXBuildFile; fileRef = 45A4C9032565743F007DABB8 /* Ref.swift */; };
		45DC6FBD25619652005BA61D /* AppDelegate.swift in Sources */ = {isa = PBXBuildFile; fileRef = 45DC6FBC25619652005BA61D /* AppDelegate.swift */; };
		45DC6FBF25619652005BA61D /* SceneDelegate.swift in Sources */ = {isa = PBXBuildFile; fileRef = 45DC6FBE25619652005BA61D /* SceneDelegate.swift */; };
		45DC6FC125619652005BA61D /* ViewController.swift in Sources */ = {isa = PBXBuildFile; fileRef = 45DC6FC025619652005BA61D /* ViewController.swift */; };
		45DC6FC625619654005BA61D /* Assets.xcassets in Resources */ = {isa = PBXBuildFile; fileRef = 45DC6FC525619654005BA61D /* Assets.xcassets */; };
		45DC6FC925619654005BA61D /* LaunchScreen.storyboard in Resources */ = {isa = PBXBuildFile; fileRef = 45DC6FC725619654005BA61D /* LaunchScreen.storyboard */; };
		45DC6FD425619654005BA61D /* JChatDemoTests.swift in Sources */ = {isa = PBXBuildFile; fileRef = 45DC6FD325619654005BA61D /* JChatDemoTests.swift */; };
		45DC6FDF25619654005BA61D /* JChatDemoUITests.swift in Sources */ = {isa = PBXBuildFile; fileRef = 45DC6FDE25619654005BA61D /* JChatDemoUITests.swift */; };
		45DC6FF0256198E5005BA61D /* Welcome.storyboard in Resources */ = {isa = PBXBuildFile; fileRef = 45DC6FEF256198E5005BA61D /* Welcome.storyboard */; };
		45DC700725636DDF005BA61D /* ViewController+UI.swift in Sources */ = {isa = PBXBuildFile; fileRef = 45DC700625636DDF005BA61D /* ViewController+UI.swift */; };
		45DC700C25637083005BA61D /* SignupViewController.swift in Sources */ = {isa = PBXBuildFile; fileRef = 45DC700B25637083005BA61D /* SignupViewController.swift */; };
		45DC701125641E06005BA61D /* SignupViewController+UI.swift in Sources */ = {isa = PBXBuildFile; fileRef = 45DC701025641E06005BA61D /* SignupViewController+UI.swift */; };
		45DC701625642709005BA61D /* SignInViewController.swift in Sources */ = {isa = PBXBuildFile; fileRef = 45DC701525642709005BA61D /* SignInViewController.swift */; };
		45DC701B2564279E005BA61D /* SignInViewController+UI.swift in Sources */ = {isa = PBXBuildFile; fileRef = 45DC701A2564279E005BA61D /* SignInViewController+UI.swift */; };
		45DC703325643143005BA61D /* ForgotPasswordViewController.swift in Sources */ = {isa = PBXBuildFile; fileRef = 45DC703225643143005BA61D /* ForgotPasswordViewController.swift */; };
		45DC703825643176005BA61D /* ForgotViewController+UI.swift in Sources */ = {isa = PBXBuildFile; fileRef = 45DC703725643176005BA61D /* ForgotViewController+UI.swift */; };
		45DC703D25643FB6005BA61D /* GoogleService-Info.plist in Resources */ = {isa = PBXBuildFile; fileRef = 45DC703C25643FB6005BA61D /* GoogleService-Info.plist */; };
		C928C73DBEBAA0FDD0A6C134 /* Pods_JChatDemo.framework in Frameworks */ = {isa = PBXBuildFile; fileRef = 1F1019E929451FFA73804231 /* Pods_JChatDemo.framework */; };
/* End PBXBuildFile section */

/* Begin PBXContainerItemProxy section */
		45DC6FD025619654005BA61D /* PBXContainerItemProxy */ = {
			isa = PBXContainerItemProxy;
			containerPortal = 45DC6FB125619652005BA61D /* Project object */;
			proxyType = 1;
			remoteGlobalIDString = 45DC6FB825619652005BA61D;
			remoteInfo = JChatDemo;
		};
		45DC6FDB25619654005BA61D /* PBXContainerItemProxy */ = {
			isa = PBXContainerItemProxy;
			containerPortal = 45DC6FB125619652005BA61D /* Project object */;
			proxyType = 1;
			remoteGlobalIDString = 45DC6FB825619652005BA61D;
			remoteInfo = JChatDemo;
		};
/* End PBXContainerItemProxy section */

/* Begin PBXFileReference section */
		1F1019E929451FFA73804231 /* Pods_JChatDemo.framework */ = {isa = PBXFileReference; explicitFileType = wrapper.framework; includeInIndex = 0; path = Pods_JChatDemo.framework; sourceTree = BUILT_PRODUCTS_DIR; };
		45A4C85725655057007DABB8 /* API.swift */ = {isa = PBXFileReference; lastKnownFileType = sourcecode.swift; path = API.swift; sourceTree = "<group>"; };
		45A4C85C25655095007DABB8 /* UserAPI.swift */ = {isa = PBXFileReference; lastKnownFileType = sourcecode.swift; path = UserAPI.swift; sourceTree = "<group>"; };
		45A4C88325655760007DABB8 /* StorageService.swift */ = {isa = PBXFileReference; lastKnownFileType = sourcecode.swift; path = StorageService.swift; sourceTree = "<group>"; };
		45A4C9032565743F007DABB8 /* Ref.swift */ = {isa = PBXFileReference; lastKnownFileType = sourcecode.swift; path = Ref.swift; sourceTree = "<group>"; };
		45DC6FB925619652005BA61D /* JChatDemo.app */ = {isa = PBXFileReference; explicitFileType = wrapper.application; includeInIndex = 0; path = JChatDemo.app; sourceTree = BUILT_PRODUCTS_DIR; };
		45DC6FBC25619652005BA61D /* AppDelegate.swift */ = {isa = PBXFileReference; lastKnownFileType = sourcecode.swift; path = AppDelegate.swift; sourceTree = "<group>"; };
		45DC6FBE25619652005BA61D /* SceneDelegate.swift */ = {isa = PBXFileReference; lastKnownFileType = sourcecode.swift; path = SceneDelegate.swift; sourceTree = "<group>"; };
		45DC6FC025619652005BA61D /* ViewController.swift */ = {isa = PBXFileReference; lastKnownFileType = sourcecode.swift; path = ViewController.swift; sourceTree = "<group>"; };
		45DC6FC525619654005BA61D /* Assets.xcassets */ = {isa = PBXFileReference; lastKnownFileType = folder.assetcatalog; path = Assets.xcassets; sourceTree = "<group>"; };
		45DC6FC825619654005BA61D /* Base */ = {isa = PBXFileReference; lastKnownFileType = file.storyboard; name = Base; path = Base.lproj/LaunchScreen.storyboard; sourceTree = "<group>"; };
		45DC6FCA25619654005BA61D /* Info.plist */ = {isa = PBXFileReference; lastKnownFileType = text.plist.xml; path = Info.plist; sourceTree = "<group>"; };
		45DC6FCF25619654005BA61D /* JChatDemoTests.xctest */ = {isa = PBXFileReference; explicitFileType = wrapper.cfbundle; includeInIndex = 0; path = JChatDemoTests.xctest; sourceTree = BUILT_PRODUCTS_DIR; };
		45DC6FD325619654005BA61D /* JChatDemoTests.swift */ = {isa = PBXFileReference; lastKnownFileType = sourcecode.swift; path = JChatDemoTests.swift; sourceTree = "<group>"; };
		45DC6FD525619654005BA61D /* Info.plist */ = {isa = PBXFileReference; lastKnownFileType = text.plist.xml; path = Info.plist; sourceTree = "<group>"; };
		45DC6FDA25619654005BA61D /* JChatDemoUITests.xctest */ = {isa = PBXFileReference; explicitFileType = wrapper.cfbundle; includeInIndex = 0; path = JChatDemoUITests.xctest; sourceTree = BUILT_PRODUCTS_DIR; };
		45DC6FDE25619654005BA61D /* JChatDemoUITests.swift */ = {isa = PBXFileReference; lastKnownFileType = sourcecode.swift; path = JChatDemoUITests.swift; sourceTree = "<group>"; };
		45DC6FE025619654005BA61D /* Info.plist */ = {isa = PBXFileReference; lastKnownFileType = text.plist.xml; path = Info.plist; sourceTree = "<group>"; };
		45DC6FEF256198E5005BA61D /* Welcome.storyboard */ = {isa = PBXFileReference; lastKnownFileType = file.storyboard; path = Welcome.storyboard; sourceTree = "<group>"; };
		45DC700625636DDF005BA61D /* ViewController+UI.swift */ = {isa = PBXFileReference; lastKnownFileType = sourcecode.swift; path = "ViewController+UI.swift"; sourceTree = "<group>"; };
		45DC700B25637083005BA61D /* SignupViewController.swift */ = {isa = PBXFileReference; lastKnownFileType = sourcecode.swift; path = SignupViewController.swift; sourceTree = "<group>"; };
		45DC701025641E06005BA61D /* SignupViewController+UI.swift */ = {isa = PBXFileReference; lastKnownFileType = sourcecode.swift; path = "SignupViewController+UI.swift"; sourceTree = "<group>"; };
		45DC701525642709005BA61D /* SignInViewController.swift */ = {isa = PBXFileReference; lastKnownFileType = sourcecode.swift; path = SignInViewController.swift; sourceTree = "<group>"; };
		45DC701A2564279E005BA61D /* SignInViewController+UI.swift */ = {isa = PBXFileReference; lastKnownFileType = sourcecode.swift; path = "SignInViewController+UI.swift"; sourceTree = "<group>"; };
		45DC703225643143005BA61D /* ForgotPasswordViewController.swift */ = {isa = PBXFileReference; lastKnownFileType = sourcecode.swift; path = ForgotPasswordViewController.swift; sourceTree = "<group>"; };
		45DC703725643176005BA61D /* ForgotViewController+UI.swift */ = {isa = PBXFileReference; lastKnownFileType = sourcecode.swift; path = "ForgotViewController+UI.swift"; sourceTree = "<group>"; };
		45DC703C25643FB6005BA61D /* GoogleService-Info.plist */ = {isa = PBXFileReference; fileEncoding = 4; lastKnownFileType = text.plist.xml; path = "GoogleService-Info.plist"; sourceTree = "<group>"; };
		928B0F3AED6BBFB82CDEC63E /* Pods-JChatDemo.release.xcconfig */ = {isa = PBXFileReference; includeInIndex = 1; lastKnownFileType = text.xcconfig; name = "Pods-JChatDemo.release.xcconfig"; path = "Target Support Files/Pods-JChatDemo/Pods-JChatDemo.release.xcconfig"; sourceTree = "<group>"; };
		C4A7266BF9C4F9556FD1EE6E /* Pods-JChatDemo.debug.xcconfig */ = {isa = PBXFileReference; includeInIndex = 1; lastKnownFileType = text.xcconfig; name = "Pods-JChatDemo.debug.xcconfig"; path = "Target Support Files/Pods-JChatDemo/Pods-JChatDemo.debug.xcconfig"; sourceTree = "<group>"; };
/* End PBXFileReference section */

/* Begin PBXFrameworksBuildPhase section */
		45DC6FB625619652005BA61D /* Frameworks */ = {
			isa = PBXFrameworksBuildPhase;
			buildActionMask = 2147483647;
			files = (
				C928C73DBEBAA0FDD0A6C134 /* Pods_JChatDemo.framework in Frameworks */,
			);
			runOnlyForDeploymentPostprocessing = 0;
		};
		45DC6FCC25619654005BA61D /* Frameworks */ = {
			isa = PBXFrameworksBuildPhase;
			buildActionMask = 2147483647;
			files = (
			);
			runOnlyForDeploymentPostprocessing = 0;
		};
		45DC6FD725619654005BA61D /* Frameworks */ = {
			isa = PBXFrameworksBuildPhase;
			buildActionMask = 2147483647;
			files = (
			);
			runOnlyForDeploymentPostprocessing = 0;
		};
/* End PBXFrameworksBuildPhase section */

/* Begin PBXGroup section */
		058B9FBED01323AE070AC587 /* Pods */ = {
			isa = PBXGroup;
			children = (
				C4A7266BF9C4F9556FD1EE6E /* Pods-JChatDemo.debug.xcconfig */,
				928B0F3AED6BBFB82CDEC63E /* Pods-JChatDemo.release.xcconfig */,
			);
			path = Pods;
			sourceTree = "<group>";
		};
		45A4C861256550F9007DABB8 /* APIs */ = {
			isa = PBXGroup;
			children = (
				45A4C85725655057007DABB8 /* API.swift */,
				45A4C85C25655095007DABB8 /* UserAPI.swift */,
				45A4C9032565743F007DABB8 /* Ref.swift */,
			);
			path = APIs;
			sourceTree = "<group>";
		};
		45A4C86225655116007DABB8 /* Sign Up */ = {
			isa = PBXGroup;
			children = (
				45DC700B25637083005BA61D /* SignupViewController.swift */,
				45DC701025641E06005BA61D /* SignupViewController+UI.swift */,
			);
			path = "Sign Up";
			sourceTree = "<group>";
		};
		45A4C86625655120007DABB8 /* Sign In */ = {
			isa = PBXGroup;
			children = (
				45DC701525642709005BA61D /* SignInViewController.swift */,
				45DC701A2564279E005BA61D /* SignInViewController+UI.swift */,
			);
			path = "Sign In";
			sourceTree = "<group>";
		};
		45A4C86A25655128007DABB8 /* Forgot Password */ = {
			isa = PBXGroup;
			children = (
				45DC703225643143005BA61D /* ForgotPasswordViewController.swift */,
				45DC703725643176005BA61D /* ForgotViewController+UI.swift */,
			);
			path = "Forgot Password";
			sourceTree = "<group>";
		};
		45A4C88225655748007DABB8 /* Storage Service */ = {
			isa = PBXGroup;
			children = (
				45A4C88325655760007DABB8 /* StorageService.swift */,
			);
			name = "Storage Service";
			sourceTree = "<group>";
		};
		45DC6FB025619652005BA61D = {
			isa = PBXGroup;
			children = (
				45DC6FBB25619652005BA61D /* JChatDemo */,
				45A4C88225655748007DABB8 /* Storage Service */,
				45DC6FD225619654005BA61D /* JChatDemoTests */,
				45DC6FDD25619654005BA61D /* JChatDemoUITests */,
				45DC6FBA25619652005BA61D /* Products */,
				058B9FBED01323AE070AC587 /* Pods */,
				929B7B7BF6249B2ACAA89AB4 /* Frameworks */,
			);
			sourceTree = "<group>";
		};
		45DC6FBA25619652005BA61D /* Products */ = {
			isa = PBXGroup;
			children = (
				45DC6FB925619652005BA61D /* JChatDemo.app */,
				45DC6FCF25619654005BA61D /* JChatDemoTests.xctest */,
				45DC6FDA25619654005BA61D /* JChatDemoUITests.xctest */,
			);
			name = Products;
			sourceTree = "<group>";
		};
		45DC6FBB25619652005BA61D /* JChatDemo */ = {
			isa = PBXGroup;
			children = (
				45DC703C25643FB6005BA61D /* GoogleService-Info.plist */,
				45DC6FBC25619652005BA61D /* AppDelegate.swift */,
				45DC6FC025619652005BA61D /* ViewController.swift */,
				45DC700625636DDF005BA61D /* ViewController+UI.swift */,
				45DC6FC525619654005BA61D /* Assets.xcassets */,
				45DC6FEF256198E5005BA61D /* Welcome.storyboard */,
				45A4C86A25655128007DABB8 /* Forgot Password */,
				45A4C86625655120007DABB8 /* Sign In */,
				45A4C86225655116007DABB8 /* Sign Up */,
				45A4C861256550F9007DABB8 /* APIs */,
				45DC6FC725619654005BA61D /* LaunchScreen.storyboard */,
				45DC6FBE25619652005BA61D /* SceneDelegate.swift */,
				45DC6FCA25619654005BA61D /* Info.plist */,
			);
			path = JChatDemo;
			sourceTree = "<group>";
		};
		45DC6FD225619654005BA61D /* JChatDemoTests */ = {
			isa = PBXGroup;
			children = (
				45DC6FD325619654005BA61D /* JChatDemoTests.swift */,
				45DC6FD525619654005BA61D /* Info.plist */,
			);
			path = JChatDemoTests;
			sourceTree = "<group>";
		};
		45DC6FDD25619654005BA61D /* JChatDemoUITests */ = {
			isa = PBXGroup;
			children = (
				45DC6FDE25619654005BA61D /* JChatDemoUITests.swift */,
				45DC6FE025619654005BA61D /* Info.plist */,
			);
			path = JChatDemoUITests;
			sourceTree = "<group>";
		};
		929B7B7BF6249B2ACAA89AB4 /* Frameworks */ = {
			isa = PBXGroup;
			children = (
				1F1019E929451FFA73804231 /* Pods_JChatDemo.framework */,
			);
			name = Frameworks;
			sourceTree = "<group>";
		};
/* End PBXGroup section */

/* Begin PBXNativeTarget section */
		45DC6FB825619652005BA61D /* JChatDemo */ = {
			isa = PBXNativeTarget;
			buildConfigurationList = 45DC6FE325619654005BA61D /* Build configuration list for PBXNativeTarget "JChatDemo" */;
			buildPhases = (
				7E0F23BE30F82A831154066D /* [CP] Check Pods Manifest.lock */,
				45DC6FB525619652005BA61D /* Sources */,
				45DC6FB625619652005BA61D /* Frameworks */,
				45DC6FB725619652005BA61D /* Resources */,
				0437C993D67584D2B019B48B /* [CP] Embed Pods Frameworks */,
			);
			buildRules = (
			);
			dependencies = (
			);
			name = JChatDemo;
			productName = JChatDemo;
			productReference = 45DC6FB925619652005BA61D /* JChatDemo.app */;
			productType = "com.apple.product-type.application";
		};
		45DC6FCE25619654005BA61D /* JChatDemoTests */ = {
			isa = PBXNativeTarget;
			buildConfigurationList = 45DC6FE625619654005BA61D /* Build configuration list for PBXNativeTarget "JChatDemoTests" */;
			buildPhases = (
				45DC6FCB25619654005BA61D /* Sources */,
				45DC6FCC25619654005BA61D /* Frameworks */,
				45DC6FCD25619654005BA61D /* Resources */,
			);
			buildRules = (
			);
			dependencies = (
				45DC6FD125619654005BA61D /* PBXTargetDependency */,
			);
			name = JChatDemoTests;
			productName = JChatDemoTests;
			productReference = 45DC6FCF25619654005BA61D /* JChatDemoTests.xctest */;
			productType = "com.apple.product-type.bundle.unit-test";
		};
		45DC6FD925619654005BA61D /* JChatDemoUITests */ = {
			isa = PBXNativeTarget;
			buildConfigurationList = 45DC6FE925619654005BA61D /* Build configuration list for PBXNativeTarget "JChatDemoUITests" */;
			buildPhases = (
				45DC6FD625619654005BA61D /* Sources */,
				45DC6FD725619654005BA61D /* Frameworks */,
				45DC6FD825619654005BA61D /* Resources */,
			);
			buildRules = (
			);
			dependencies = (
				45DC6FDC25619654005BA61D /* PBXTargetDependency */,
			);
			name = JChatDemoUITests;
			productName = JChatDemoUITests;
			productReference = 45DC6FDA25619654005BA61D /* JChatDemoUITests.xctest */;
			productType = "com.apple.product-type.bundle.ui-testing";
		};
/* End PBXNativeTarget section */

/* Begin PBXProject section */
		45DC6FB125619652005BA61D /* Project object */ = {
			isa = PBXProject;
			attributes = {
				LastSwiftUpdateCheck = 1210;
				LastUpgradeCheck = 1210;
				TargetAttributes = {
					45DC6FB825619652005BA61D = {
						CreatedOnToolsVersion = 12.1;
					};
					45DC6FCE25619654005BA61D = {
						CreatedOnToolsVersion = 12.1;
						TestTargetID = 45DC6FB825619652005BA61D;
					};
					45DC6FD925619654005BA61D = {
						CreatedOnToolsVersion = 12.1;
						TestTargetID = 45DC6FB825619652005BA61D;
					};
				};
			};
			buildConfigurationList = 45DC6FB425619652005BA61D /* Build configuration list for PBXProject "JChatDemo" */;
			compatibilityVersion = "Xcode 9.3";
			developmentRegion = en;
			hasScannedForEncodings = 0;
			knownRegions = (
				en,
				Base,
			);
			mainGroup = 45DC6FB025619652005BA61D;
			productRefGroup = 45DC6FBA25619652005BA61D /* Products */;
			projectDirPath = "";
			projectRoot = "";
			targets = (
				45DC6FB825619652005BA61D /* JChatDemo */,
				45DC6FCE25619654005BA61D /* JChatDemoTests */,
				45DC6FD925619654005BA61D /* JChatDemoUITests */,
			);
		};
/* End PBXProject section */

/* Begin PBXResourcesBuildPhase section */
		45DC6FB725619652005BA61D /* Resources */ = {
			isa = PBXResourcesBuildPhase;
			buildActionMask = 2147483647;
			files = (
				45DC6FC925619654005BA61D /* LaunchScreen.storyboard in Resources */,
				45DC703D25643FB6005BA61D /* GoogleService-Info.plist in Resources */,
				45DC6FF0256198E5005BA61D /* Welcome.storyboard in Resources */,
				45DC6FC625619654005BA61D /* Assets.xcassets in Resources */,
			);
			runOnlyForDeploymentPostprocessing = 0;
		};
		45DC6FCD25619654005BA61D /* Resources */ = {
			isa = PBXResourcesBuildPhase;
			buildActionMask = 2147483647;
			files = (
			);
			runOnlyForDeploymentPostprocessing = 0;
		};
		45DC6FD825619654005BA61D /* Resources */ = {
			isa = PBXResourcesBuildPhase;
			buildActionMask = 2147483647;
			files = (
			);
			runOnlyForDeploymentPostprocessing = 0;
		};
/* End PBXResourcesBuildPhase section */

/* Begin PBXShellScriptBuildPhase section */
		0437C993D67584D2B019B48B /* [CP] Embed Pods Frameworks */ = {
			isa = PBXShellScriptBuildPhase;
			buildActionMask = 2147483647;
			files = (
			);
			inputFileListPaths = (
				"${PODS_ROOT}/Target Support Files/Pods-JChatDemo/Pods-JChatDemo-frameworks-${CONFIGURATION}-input-files.xcfilelist",
			);
			name = "[CP] Embed Pods Frameworks";
			outputFileListPaths = (
				"${PODS_ROOT}/Target Support Files/Pods-JChatDemo/Pods-JChatDemo-frameworks-${CONFIGURATION}-output-files.xcfilelist",
			);
			runOnlyForDeploymentPostprocessing = 0;
			shellPath = /bin/sh;
			shellScript = "\"${PODS_ROOT}/Target Support Files/Pods-JChatDemo/Pods-JChatDemo-frameworks.sh\"\n";
			showEnvVarsInLog = 0;
		};
		7E0F23BE30F82A831154066D /* [CP] Check Pods Manifest.lock */ = {
			isa = PBXShellScriptBuildPhase;
			buildActionMask = 2147483647;
			files = (
			);
			inputFileListPaths = (
			);
			inputPaths = (
				"${PODS_PODFILE_DIR_PATH}/Podfile.lock",
				"${PODS_ROOT}/Manifest.lock",
			);
			name = "[CP] Check Pods Manifest.lock";
			outputFileListPaths = (
			);
			outputPaths = (
				"$(DERIVED_FILE_DIR)/Pods-JChatDemo-checkManifestLockResult.txt",
			);
			runOnlyForDeploymentPostprocessing = 0;
			shellPath = /bin/sh;
			shellScript = "diff \"${PODS_PODFILE_DIR_PATH}/Podfile.lock\" \"${PODS_ROOT}/Manifest.lock\" > /dev/null\nif [ $? != 0 ] ; then\n    # print error to STDERR\n    echo \"error: The sandbox is not in sync with the Podfile.lock. Run 'pod install' or update your CocoaPods installation.\" >&2\n    exit 1\nfi\n# This output is used by Xcode 'outputs' to avoid re-running this script phase.\necho \"SUCCESS\" > \"${SCRIPT_OUTPUT_FILE_0}\"\n";
			showEnvVarsInLog = 0;
		};
/* End PBXShellScriptBuildPhase section */

/* Begin PBXSourcesBuildPhase section */
		45DC6FB525619652005BA61D /* Sources */ = {
			isa = PBXSourcesBuildPhase;
			buildActionMask = 2147483647;
			files = (
				45A4C85825655057007DABB8 /* API.swift in Sources */,
				45A4C9042565743F007DABB8 /* Ref.swift in Sources */,
				45DC701B2564279E005BA61D /* SignInViewController+UI.swift in Sources */,
				45DC701625642709005BA61D /* SignInViewController.swift in Sources */,
				45DC6FC125619652005BA61D /* ViewController.swift in Sources */,
				45DC6FBD25619652005BA61D /* AppDelegate.swift in Sources */,
				45A4C85D25655095007DABB8 /* UserAPI.swift in Sources */,
				45DC701125641E06005BA61D /* SignupViewController+UI.swift in Sources */,
				45A4C88425655760007DABB8 /* StorageService.swift in Sources */,
				45DC703325643143005BA61D /* ForgotPasswordViewController.swift in Sources */,
				45DC700C25637083005BA61D /* SignupViewController.swift in Sources */,
				45DC703825643176005BA61D /* ForgotViewController+UI.swift in Sources */,
				45DC700725636DDF005BA61D /* ViewController+UI.swift in Sources */,
				45DC6FBF25619652005BA61D /* SceneDelegate.swift in Sources */,
			);
			runOnlyForDeploymentPostprocessing = 0;
		};
		45DC6FCB25619654005BA61D /* Sources */ = {
			isa = PBXSourcesBuildPhase;
			buildActionMask = 2147483647;
			files = (
				45DC6FD425619654005BA61D /* JChatDemoTests.swift in Sources */,
			);
			runOnlyForDeploymentPostprocessing = 0;
		};
		45DC6FD625619654005BA61D /* Sources */ = {
			isa = PBXSourcesBuildPhase;
			buildActionMask = 2147483647;
			files = (
				45DC6FDF25619654005BA61D /* JChatDemoUITests.swift in Sources */,
			);
			runOnlyForDeploymentPostprocessing = 0;
		};
/* End PBXSourcesBuildPhase section */

/* Begin PBXTargetDependency section */
		45DC6FD125619654005BA61D /* PBXTargetDependency */ = {
			isa = PBXTargetDependency;
			target = 45DC6FB825619652005BA61D /* JChatDemo */;
			targetProxy = 45DC6FD025619654005BA61D /* PBXContainerItemProxy */;
		};
		45DC6FDC25619654005BA61D /* PBXTargetDependency */ = {
			isa = PBXTargetDependency;
			target = 45DC6FB825619652005BA61D /* JChatDemo */;
			targetProxy = 45DC6FDB25619654005BA61D /* PBXContainerItemProxy */;
		};
/* End PBXTargetDependency section */

/* Begin PBXVariantGroup section */
		45DC6FC725619654005BA61D /* LaunchScreen.storyboard */ = {
			isa = PBXVariantGroup;
			children = (
				45DC6FC825619654005BA61D /* Base */,
			);
			name = LaunchScreen.storyboard;
			sourceTree = "<group>";
		};
/* End PBXVariantGroup section */

/* Begin XCBuildConfiguration section */
		45DC6FE125619654005BA61D /* Debug */ = {
			isa = XCBuildConfiguration;
			buildSettings = {
				ALWAYS_SEARCH_USER_PATHS = NO;
				CLANG_ANALYZER_NONNULL = YES;
				CLANG_ANALYZER_NUMBER_OBJECT_CONVERSION = YES_AGGRESSIVE;
				CLANG_CXX_LANGUAGE_STANDARD = "gnu++14";
				CLANG_CXX_LIBRARY = "libc++";
				CLANG_ENABLE_MODULES = YES;
				CLANG_ENABLE_OBJC_ARC = YES;
				CLANG_ENABLE_OBJC_WEAK = YES;
				CLANG_WARN_BLOCK_CAPTURE_AUTORELEASING = YES;
				CLANG_WARN_BOOL_CONVERSION = YES;
				CLANG_WARN_COMMA = YES;
				CLANG_WARN_CONSTANT_CONVERSION = YES;
				CLANG_WARN_DEPRECATED_OBJC_IMPLEMENTATIONS = YES;
				CLANG_WARN_DIRECT_OBJC_ISA_USAGE = YES_ERROR;
				CLANG_WARN_DOCUMENTATION_COMMENTS = YES;
				CLANG_WARN_EMPTY_BODY = YES;
				CLANG_WARN_ENUM_CONVERSION = YES;
				CLANG_WARN_INFINITE_RECURSION = YES;
				CLANG_WARN_INT_CONVERSION = YES;
				CLANG_WARN_NON_LITERAL_NULL_CONVERSION = YES;
				CLANG_WARN_OBJC_IMPLICIT_RETAIN_SELF = YES;
				CLANG_WARN_OBJC_LITERAL_CONVERSION = YES;
				CLANG_WARN_OBJC_ROOT_CLASS = YES_ERROR;
				CLANG_WARN_QUOTED_INCLUDE_IN_FRAMEWORK_HEADER = YES;
				CLANG_WARN_RANGE_LOOP_ANALYSIS = YES;
				CLANG_WARN_STRICT_PROTOTYPES = YES;
				CLANG_WARN_SUSPICIOUS_MOVE = YES;
				CLANG_WARN_UNGUARDED_AVAILABILITY = YES_AGGRESSIVE;
				CLANG_WARN_UNREACHABLE_CODE = YES;
				CLANG_WARN__DUPLICATE_METHOD_MATCH = YES;
				COPY_PHASE_STRIP = NO;
				DEBUG_INFORMATION_FORMAT = dwarf;
				ENABLE_STRICT_OBJC_MSGSEND = YES;
				ENABLE_TESTABILITY = YES;
				GCC_C_LANGUAGE_STANDARD = gnu11;
				GCC_DYNAMIC_NO_PIC = NO;
				GCC_NO_COMMON_BLOCKS = YES;
				GCC_OPTIMIZATION_LEVEL = 0;
				GCC_PREPROCESSOR_DEFINITIONS = (
					"DEBUG=1",
					"$(inherited)",
				);
				GCC_WARN_64_TO_32_BIT_CONVERSION = YES;
				GCC_WARN_ABOUT_RETURN_TYPE = YES_ERROR;
				GCC_WARN_UNDECLARED_SELECTOR = YES;
				GCC_WARN_UNINITIALIZED_AUTOS = YES_AGGRESSIVE;
				GCC_WARN_UNUSED_FUNCTION = YES;
				GCC_WARN_UNUSED_VARIABLE = YES;
				IPHONEOS_DEPLOYMENT_TARGET = 14.1;
				MTL_ENABLE_DEBUG_INFO = INCLUDE_SOURCE;
				MTL_FAST_MATH = YES;
				ONLY_ACTIVE_ARCH = YES;
				SDKROOT = iphoneos;
				SWIFT_ACTIVE_COMPILATION_CONDITIONS = DEBUG;
				SWIFT_OPTIMIZATION_LEVEL = "-Onone";
			};
			name = Debug;
		};
		45DC6FE225619654005BA61D /* Release */ = {
			isa = XCBuildConfiguration;
			buildSettings = {
				ALWAYS_SEARCH_USER_PATHS = NO;
				CLANG_ANALYZER_NONNULL = YES;
				CLANG_ANALYZER_NUMBER_OBJECT_CONVERSION = YES_AGGRESSIVE;
				CLANG_CXX_LANGUAGE_STANDARD = "gnu++14";
				CLANG_CXX_LIBRARY = "libc++";
				CLANG_ENABLE_MODULES = YES;
				CLANG_ENABLE_OBJC_ARC = YES;
				CLANG_ENABLE_OBJC_WEAK = YES;
				CLANG_WARN_BLOCK_CAPTURE_AUTORELEASING = YES;
				CLANG_WARN_BOOL_CONVERSION = YES;
				CLANG_WARN_COMMA = YES;
				CLANG_WARN_CONSTANT_CONVERSION = YES;
				CLANG_WARN_DEPRECATED_OBJC_IMPLEMENTATIONS = YES;
				CLANG_WARN_DIRECT_OBJC_ISA_USAGE = YES_ERROR;
				CLANG_WARN_DOCUMENTATION_COMMENTS = YES;
				CLANG_WARN_EMPTY_BODY = YES;
				CLANG_WARN_ENUM_CONVERSION = YES;
				CLANG_WARN_INFINITE_RECURSION = YES;
				CLANG_WARN_INT_CONVERSION = YES;
				CLANG_WARN_NON_LITERAL_NULL_CONVERSION = YES;
				CLANG_WARN_OBJC_IMPLICIT_RETAIN_SELF = YES;
				CLANG_WARN_OBJC_LITERAL_CONVERSION = YES;
				CLANG_WARN_OBJC_ROOT_CLASS = YES_ERROR;
				CLANG_WARN_QUOTED_INCLUDE_IN_FRAMEWORK_HEADER = YES;
				CLANG_WARN_RANGE_LOOP_ANALYSIS = YES;
				CLANG_WARN_STRICT_PROTOTYPES = YES;
				CLANG_WARN_SUSPICIOUS_MOVE = YES;
				CLANG_WARN_UNGUARDED_AVAILABILITY = YES_AGGRESSIVE;
				CLANG_WARN_UNREACHABLE_CODE = YES;
				CLANG_WARN__DUPLICATE_METHOD_MATCH = YES;
				COPY_PHASE_STRIP = NO;
				DEBUG_INFORMATION_FORMAT = "dwarf-with-dsym";
				ENABLE_NS_ASSERTIONS = NO;
				ENABLE_STRICT_OBJC_MSGSEND = YES;
				GCC_C_LANGUAGE_STANDARD = gnu11;
				GCC_NO_COMMON_BLOCKS = YES;
				GCC_WARN_64_TO_32_BIT_CONVERSION = YES;
				GCC_WARN_ABOUT_RETURN_TYPE = YES_ERROR;
				GCC_WARN_UNDECLARED_SELECTOR = YES;
				GCC_WARN_UNINITIALIZED_AUTOS = YES_AGGRESSIVE;
				GCC_WARN_UNUSED_FUNCTION = YES;
				GCC_WARN_UNUSED_VARIABLE = YES;
				IPHONEOS_DEPLOYMENT_TARGET = 14.1;
				MTL_ENABLE_DEBUG_INFO = NO;
				MTL_FAST_MATH = YES;
				SDKROOT = iphoneos;
				SWIFT_COMPILATION_MODE = wholemodule;
				SWIFT_OPTIMIZATION_LEVEL = "-O";
				VALIDATE_PRODUCT = YES;
			};
			name = Release;
		};
		45DC6FE425619654005BA61D /* Debug */ = {
			isa = XCBuildConfiguration;
			baseConfigurationReference = C4A7266BF9C4F9556FD1EE6E /* Pods-JChatDemo.debug.xcconfig */;
			buildSettings = {
				ASSETCATALOG_COMPILER_APPICON_NAME = AppIcon;
				ASSETCATALOG_COMPILER_GLOBAL_ACCENT_COLOR_NAME = AccentColor;
				CODE_SIGN_STYLE = Automatic;
				DEVELOPMENT_TEAM = 7XGX6TD7GL;
				INFOPLIST_FILE = JChatDemo/Info.plist;
				LD_RUNPATH_SEARCH_PATHS = (
					"$(inherited)",
					"@executable_path/Frameworks",
				);
				PRODUCT_BUNDLE_IDENTIFIER = com.224apps.JChatDemo;
				PRODUCT_NAME = "$(TARGET_NAME)";
				SWIFT_VERSION = 5.0;
				TARGETED_DEVICE_FAMILY = "1,2";
			};
			name = Debug;
		};
		45DC6FE525619654005BA61D /* Release */ = {
			isa = XCBuildConfiguration;
			baseConfigurationReference = 928B0F3AED6BBFB82CDEC63E /* Pods-JChatDemo.release.xcconfig */;
			buildSettings = {
				ASSETCATALOG_COMPILER_APPICON_NAME = AppIcon;
				ASSETCATALOG_COMPILER_GLOBAL_ACCENT_COLOR_NAME = AccentColor;
				CODE_SIGN_STYLE = Automatic;
				DEVELOPMENT_TEAM = 7XGX6TD7GL;
				INFOPLIST_FILE = JChatDemo/Info.plist;
				LD_RUNPATH_SEARCH_PATHS = (
					"$(inherited)",
					"@executable_path/Frameworks",
				);
				PRODUCT_BUNDLE_IDENTIFIER = com.224apps.JChatDemo;
				PRODUCT_NAME = "$(TARGET_NAME)";
				SWIFT_VERSION = 5.0;
				TARGETED_DEVICE_FAMILY = "1,2";
			};
			name = Release;
		};
		45DC6FE725619654005BA61D /* Debug */ = {
			isa = XCBuildConfiguration;
			buildSettings = {
				ALWAYS_EMBED_SWIFT_STANDARD_LIBRARIES = YES;
				BUNDLE_LOADER = "$(TEST_HOST)";
				CODE_SIGN_STYLE = Automatic;
				DEVELOPMENT_TEAM = 7XGX6TD7GL;
				INFOPLIST_FILE = JChatDemoTests/Info.plist;
				IPHONEOS_DEPLOYMENT_TARGET = 14.1;
				LD_RUNPATH_SEARCH_PATHS = (
					"$(inherited)",
					"@executable_path/Frameworks",
					"@loader_path/Frameworks",
				);
				PRODUCT_BUNDLE_IDENTIFIER = com.224apps.JChatDemoTests;
				PRODUCT_NAME = "$(TARGET_NAME)";
				SWIFT_VERSION = 5.0;
				TARGETED_DEVICE_FAMILY = "1,2";
				TEST_HOST = "$(BUILT_PRODUCTS_DIR)/JChatDemo.app/JChatDemo";
			};
			name = Debug;
		};
		45DC6FE825619654005BA61D /* Release */ = {
			isa = XCBuildConfiguration;
			buildSettings = {
				ALWAYS_EMBED_SWIFT_STANDARD_LIBRARIES = YES;
				BUNDLE_LOADER = "$(TEST_HOST)";
				CODE_SIGN_STYLE = Automatic;
				DEVELOPMENT_TEAM = 7XGX6TD7GL;
				INFOPLIST_FILE = JChatDemoTests/Info.plist;
				IPHONEOS_DEPLOYMENT_TARGET = 14.1;
				LD_RUNPATH_SEARCH_PATHS = (
					"$(inherited)",
					"@executable_path/Frameworks",
					"@loader_path/Frameworks",
				);
				PRODUCT_BUNDLE_IDENTIFIER = com.224apps.JChatDemoTests;
				PRODUCT_NAME = "$(TARGET_NAME)";
				SWIFT_VERSION = 5.0;
				TARGETED_DEVICE_FAMILY = "1,2";
				TEST_HOST = "$(BUILT_PRODUCTS_DIR)/JChatDemo.app/JChatDemo";
			};
			name = Release;
		};
		45DC6FEA25619654005BA61D /* Debug */ = {
			isa = XCBuildConfiguration;
			buildSettings = {
				ALWAYS_EMBED_SWIFT_STANDARD_LIBRARIES = YES;
				CODE_SIGN_STYLE = Automatic;
				DEVELOPMENT_TEAM = 7XGX6TD7GL;
				INFOPLIST_FILE = JChatDemoUITests/Info.plist;
				LD_RUNPATH_SEARCH_PATHS = (
					"$(inherited)",
					"@executable_path/Frameworks",
					"@loader_path/Frameworks",
				);
				PRODUCT_BUNDLE_IDENTIFIER = com.224apps.JChatDemoUITests;
				PRODUCT_NAME = "$(TARGET_NAME)";
				SWIFT_VERSION = 5.0;
				TARGETED_DEVICE_FAMILY = "1,2";
				TEST_TARGET_NAME = JChatDemo;
			};
			name = Debug;
		};
		45DC6FEB25619654005BA61D /* Release */ = {
			isa = XCBuildConfiguration;
			buildSettings = {
				ALWAYS_EMBED_SWIFT_STANDARD_LIBRARIES = YES;
				CODE_SIGN_STYLE = Automatic;
				DEVELOPMENT_TEAM = 7XGX6TD7GL;
				INFOPLIST_FILE = JChatDemoUITests/Info.plist;
				LD_RUNPATH_SEARCH_PATHS = (
					"$(inherited)",
					"@executable_path/Frameworks",
					"@loader_path/Frameworks",
				);
				PRODUCT_BUNDLE_IDENTIFIER = com.224apps.JChatDemoUITests;
				PRODUCT_NAME = "$(TARGET_NAME)";
				SWIFT_VERSION = 5.0;
				TARGETED_DEVICE_FAMILY = "1,2";
				TEST_TARGET_NAME = JChatDemo;
			};
			name = Release;
		};
/* End XCBuildConfiguration section */

/* Begin XCConfigurationList section */
		45DC6FB425619652005BA61D /* Build configuration list for PBXProject "JChatDemo" */ = {
			isa = XCConfigurationList;
			buildConfigurations = (
				45DC6FE125619654005BA61D /* Debug */,
				45DC6FE225619654005BA61D /* Release */,
			);
			defaultConfigurationIsVisible = 0;
			defaultConfigurationName = Release;
		};
		45DC6FE325619654005BA61D /* Build configuration list for PBXNativeTarget "JChatDemo" */ = {
			isa = XCConfigurationList;
			buildConfigurations = (
				45DC6FE425619654005BA61D /* Debug */,
				45DC6FE525619654005BA61D /* Release */,
			);
			defaultConfigurationIsVisible = 0;
			defaultConfigurationName = Release;
		};
		45DC6FE625619654005BA61D /* Build configuration list for PBXNativeTarget "JChatDemoTests" */ = {
			isa = XCConfigurationList;
			buildConfigurations = (
				45DC6FE725619654005BA61D /* Debug */,
				45DC6FE825619654005BA61D /* Release */,
			);
			defaultConfigurationIsVisible = 0;
			defaultConfigurationName = Release;
		};
		45DC6FE925619654005BA61D /* Build configuration list for PBXNativeTarget "JChatDemoUITests" */ = {
			isa = XCConfigurationList;
			buildConfigurations = (
				45DC6FEA25619654005BA61D /* Debug */,
				45DC6FEB25619654005BA61D /* Release */,
			);
			defaultConfigurationIsVisible = 0;
			defaultConfigurationName = Release;
		};
/* End XCConfigurationList section */
	};
	rootObject = 45DC6FB125619652005BA61D /* Project object */;
}
